{
  "name": "tiny-first-presentation",
  "version": "1.0.0",
  "lockfileVersion": 3,
  "requires": true,
  "packages": {
    "": {
      "name": "tiny-first-presentation",
      "version": "1.0.0",
      "license": "ISC",
      "dependencies": {
        "make-slide": "^2.3.2"
      }
    },
    "node_modules/make-slide": {
      "version": "2.3.2",
      "resolved": "https://registry.npmjs.org/make-slide/-/make-slide-2.3.2.tgz",
      "integrity": "sha512-wKaG1uRsaT5TQRjFqtDah6OT2KWKYyo6LrBtMLYPwMHpU82YylKDoL8BxkubCpKq4IpUI59NapOjJfjVCtRMAg==",
      "license": "MIT",
      "bin": {
        "make-slide": "bin/cli.js"
      }
    }
  }
}
